
Microsoft Visual Studio Solution File, Format Version 12.00
Project("{FAE04EC0-301F-11D3-BF4B-00C04F79EFBC}") = "QuicLog.Core", "QuicLog.Core\QuicLog.Core.csproj", "{DBA1B723-8A80-466C-A8AE-7B4549AEF0F3}"
EndProject
Project("{2150E333-8FDC-42A3-9474-1A3956D46DE8}") = "TestApps", "TestApps", "{4E3B4C77-DD5D-4774-8C56-904C69526F81}"
EndProject
Project("{FAE04EC0-301F-11D3-BF4B-00C04F79EFBC}") = "QuicLog.Api", "QuicLog.Api\QuicLog.Api.csproj", "{C4CA827A-2E76-4D53-880F-75BB0BB167B6}"
EndProject
Global
	GlobalSection(SolutionConfigurationPlatforms) = preSolution
		Debug|Any CPU = Debug|Any CPU
		Release|Any CPU = Release|Any CPU
	EndGlobalSection
	GlobalSection(ProjectConfigurationPlatforms) = postSolution
		{DBA1B723-8A80-466C-A8AE-7B4549AEF0F3}.Debug|Any CPU.ActiveCfg = Debug|Any CPU
		{DBA1B723-8A80-466C-A8AE-7B4549AEF0F3}.Debug|Any CPU.Build.0 = Debug|Any CPU
		{DBA1B723-8A80-466C-A8AE-7B4549AEF0F3}.Release|Any CPU.ActiveCfg = Release|Any CPU
		{DBA1B723-8A80-466C-A8AE-7B4549AEF0F3}.Release|Any CPU.Build.0 = Release|Any CPU
		{C4CA827A-2E76-4D53-880F-75BB0BB167B6}.Debug|Any CPU.ActiveCfg = Debug|Any CPU
		{C4CA827A-2E76-4D53-880F-75BB0BB167B6}.Debug|Any CPU.Build.0 = Debug|Any CPU
		{C4CA827A-2E76-4D53-880F-75BB0BB167B6}.Release|Any CPU.ActiveCfg = Release|Any CPU
		{C4CA827A-2E76-4D53-880F-75BB0BB167B6}.Release|Any CPU.Build.0 = Release|Any CPU
	EndGlobalSection
	GlobalSection(NestedProjects) = preSolution
		{C4CA827A-2E76-4D53-880F-75BB0BB167B6} = {4E3B4C77-DD5D-4774-8C56-904C69526F81}
	EndGlobalSection
EndGlobal
